{"1.2.0",
[{<<"lfe">>,{pkg,<<"lfe">>,<<"2.1.1">>},0},
 {<<"lutil">>,{pkg,<<"lutil">>,<<"0.13.2">>},0}]}.
[
{pkg_hash,[
 {<<"lfe">>, <<"4A888B26172D198DC7A5AFEB897E8248AF7D56E1638D9C8249AAF933AE811B96">>},
 {<<"lutil">>, <<"4DF64858550972F5531D6D4882810EDD1E480B1D9102F99AA72C32BBE5B48AEF">>}]},
{pkg_hash_ext,[
 {<<"lfe">>, <<"C484D3B655D40DED58BC41B17B22F173711C681BF36063A234A9BAA9506947E1">>},
 {<<"lutil">>, <<"5F2E6B5E7C65D82DAAA09C312F150AD1F51E430DF1944D48A4EC0EAC4B751AF8">>}]}
].
