{"1.2.0",
[{<<"http">>,{pkg,<<"lfe_http">>,<<"0.2.0">>},0},
 {<<"lfe">>,{pkg,<<"lfe">>,<<"2.1.1">>},0},
 {<<"lutil">>,{pkg,<<"lutil">>,<<"0.13.2">>},0},
 {<<"yuri">>,{pkg,<<"lfe_yuri">>,<<"0.2.0">>},1}]}.
[
{pkg_hash,[
 {<<"http">>, <<"B27026A12F578DB68CDB5891BAEE9A2D9284C6BCBC7A48B535E8C7EEF96A1F4E">>},
 {<<"lfe">>, <<"4A888B26172D198DC7A5AFEB897E8248AF7D56E1638D9C8249AAF933AE811B96">>},
 {<<"lutil">>, <<"4DF64858550972F5531D6D4882810EDD1E480B1D9102F99AA72C32BBE5B48AEF">>},
 {<<"yuri">>, <<"CB2760C6C5D03073677147A1C652EDA0219D3AF3DEC4EC396DAA2EF8BC1A9E88">>}]},
{pkg_hash_ext,[
 {<<"http">>, <<"4519F6C2518FAE6240F282EB33E42F5DF91531623343B36800E61F2CAE570AE4">>},
 {<<"lfe">>, <<"C484D3B655D40DED58BC41B17B22F173711C681BF36063A234A9BAA9506947E1">>},
 {<<"lutil">>, <<"5F2E6B5E7C65D82DAAA09C312F150AD1F51E430DF1944D48A4EC0EAC4B751AF8">>},
 {<<"yuri">>, <<"46EB7ED656BA1761726ADA91A30C82CC4B8975CCF88F63A0D74B291416F1CC80">>}]}
].
